// !$*UTF8*$!
{
	archiveVersion = 1;
	classes = {
	};
	objectVersion = 51;
	objects = {

/* Begin PBXBuildFile section */
		752A84772680CCA700E3BD2A /* UIColorHex.swift in Sources */ = {isa = PBXBuildFile; fileRef = 752A84762680CCA700E3BD2A /* UIColorHex.swift */; };
		752A84792680D33700E3BD2A /* BotMessageView.swift in Sources */ = {isa = PBXBuildFile; fileRef = 752A84782680D33700E3BD2A /* BotMessageView.swift */; };
		752A847B268204FD00E3BD2A /* MyMessageView.swift in Sources */ = {isa = PBXBuildFile; fileRef = 752A847A268204FD00E3BD2A /* MyMessageView.swift */; };
		752A847D2682066B00E3BD2A /* ChatListView.swift in Sources */ = {isa = PBXBuildFile; fileRef = 752A847C2682066B00E3BD2A /* ChatListView.swift */; };
		7530CA79267F8A1200941539 /* SecondMemoryApp.swift in Sources */ = {isa = PBXBuildFile; fileRef = 7530CA78267F8A1100941539 /* SecondMemoryApp.swift */; };
		7530CA7B267F8A1200941539 /* ContentView.swift in Sources */ = {isa = PBXBuildFile; fileRef = 7530CA7A267F8A1200941539 /* ContentView.swift */; };
		7530CA7D267F8A1200941539 /* Assets.xcassets in Resources */ = {isa = PBXBuildFile; fileRef = 7530CA7C267F8A1200941539 /* Assets.xcassets */; };
		7530CA80267F8A1200941539 /* Preview Assets.xcassets in Resources */ = {isa = PBXBuildFile; fileRef = 7530CA7F267F8A1200941539 /* Preview Assets.xcassets */; };
		7530CA8B267F8A1300941539 /* SecondMemoryTests.swift in Sources */ = {isa = PBXBuildFile; fileRef = 7530CA8A267F8A1300941539 /* SecondMemoryTests.swift */; };
		7530CA96267F8A1300941539 /* SecondMemoryUITests.swift in Sources */ = {isa = PBXBuildFile; fileRef = 7530CA95267F8A1300941539 /* SecondMemoryUITests.swift */; };
		7530CAA4267F8CC500941539 /* BotImageView.swift in Sources */ = {isa = PBXBuildFile; fileRef = 7530CAA3267F8CC500941539 /* BotImageView.swift */; };
		754C728F268F5C8D009F0A5F /* ChatBotView.swift in Sources */ = {isa = PBXBuildFile; fileRef = 754C728E268F5C8D009F0A5F /* ChatBotView.swift */; };
		754C7291269154E7009F0A5F /* MultiTextField.swift in Sources */ = {isa = PBXBuildFile; fileRef = 754C7290269154E6009F0A5F /* MultiTextField.swift */; };
		75CF531526933C3A00B4FE2E /* DateFormatterExtension.swift in Sources */ = {isa = PBXBuildFile; fileRef = 75CF531426933C3A00B4FE2E /* DateFormatterExtension.swift */; };
		75CF531726933FEC00B4FE2E /* MessageStore.swift in Sources */ = {isa = PBXBuildFile; fileRef = 75CF531626933FEC00B4FE2E /* MessageStore.swift */; };
		75CF53192693469E00B4FE2E /* GoogleService-Info.plist in Resources */ = {isa = PBXBuildFile; fileRef = 75CF53182693469E00B4FE2E /* GoogleService-Info.plist */; };
		75CF531A2693469E00B4FE2E /* GoogleService-Info.plist in Resources */ = {isa = PBXBuildFile; fileRef = 75CF53182693469E00B4FE2E /* GoogleService-Info.plist */; };
		75CF531B2693469F00B4FE2E /* GoogleService-Info.plist in Resources */ = {isa = PBXBuildFile; fileRef = 75CF53182693469E00B4FE2E /* GoogleService-Info.plist */; };
		75F154302682140600F5530D /* ChatMessage.swift in Sources */ = {isa = PBXBuildFile; fileRef = 75F1542F2682140600F5530D /* ChatMessage.swift */; };
		75FDE3B3269318D700BA1285 /* InputChatView.swift in Sources */ = {isa = PBXBuildFile; fileRef = 75FDE3B2269318D700BA1285 /* InputChatView.swift */; };
		9745C5B903C847EDCA341CB6 /* Pods_SecondMemory_SecondMemoryUITests.framework in Frameworks */ = {isa = PBXBuildFile; fileRef = 383A45CA19E96167E11E27A8 /* Pods_SecondMemory_SecondMemoryUITests.framework */; };
		CC0443FAE72927A22E33BB0E /* Pods_SecondMemoryTests.framework in Frameworks */ = {isa = PBXBuildFile; fileRef = BAA1B5FE1ADBA29383ECEE9A /* Pods_SecondMemoryTests.framework */; };
		DC7D3BA8A33A49D973E0CFE6 /* Pods_SecondMemory.framework in Frameworks */ = {isa = PBXBuildFile; fileRef = 7EF8ACF803485FC169BA4E78 /* Pods_SecondMemory.framework */; };
/* End PBXBuildFile section */

/* Begin PBXContainerItemProxy section */
		7530CA87267F8A1300941539 /* PBXContainerItemProxy */ = {
			isa = PBXContainerItemProxy;
			containerPortal = 7530CA6D267F8A1100941539 /* Project object */;
			proxyType = 1;
			remoteGlobalIDString = 7530CA74267F8A1100941539;
			remoteInfo = SecondMemory;
		};
		7530CA92267F8A1300941539 /* PBXContainerItemProxy */ = {
			isa = PBXContainerItemProxy;
			containerPortal = 7530CA6D267F8A1100941539 /* Project object */;
			proxyType = 1;
			remoteGlobalIDString = 7530CA74267F8A1100941539;
			remoteInfo = SecondMemory;
		};
/* End PBXContainerItemProxy section */

/* Begin PBXFileReference section */
		0B7B7D11C3AD715282A17897 /* Pods-SecondMemoryTests.release.xcconfig */ = {isa = PBXFileReference; includeInIndex = 1; lastKnownFileType = text.xcconfig; name = "Pods-SecondMemoryTests.release.xcconfig"; path = "Target Support Files/Pods-SecondMemoryTests/Pods-SecondMemoryTests.release.xcconfig"; sourceTree = "<group>"; };
		383A45CA19E96167E11E27A8 /* Pods_SecondMemory_SecondMemoryUITests.framework */ = {isa = PBXFileReference; explicitFileType = wrapper.framework; includeInIndex = 0; path = Pods_SecondMemory_SecondMemoryUITests.framework; sourceTree = BUILT_PRODUCTS_DIR; };
		5EBB81A34146F4C4B349033F /* Pods-SecondMemory-SecondMemoryUITests.debug.xcconfig */ = {isa = PBXFileReference; includeInIndex = 1; lastKnownFileType = text.xcconfig; name = "Pods-SecondMemory-SecondMemoryUITests.debug.xcconfig"; path = "Target Support Files/Pods-SecondMemory-SecondMemoryUITests/Pods-SecondMemory-SecondMemoryUITests.debug.xcconfig"; sourceTree = "<group>"; };
		752A84762680CCA700E3BD2A /* UIColorHex.swift */ = {isa = PBXFileReference; lastKnownFileType = sourcecode.swift; path = UIColorHex.swift; sourceTree = "<group>"; };
		752A84782680D33700E3BD2A /* BotMessageView.swift */ = {isa = PBXFileReference; lastKnownFileType = sourcecode.swift; path = BotMessageView.swift; sourceTree = "<group>"; };
		752A847A268204FD00E3BD2A /* MyMessageView.swift */ = {isa = PBXFileReference; lastKnownFileType = sourcecode.swift; path = MyMessageView.swift; sourceTree = "<group>"; };
		752A847C2682066B00E3BD2A /* ChatListView.swift */ = {isa = PBXFileReference; lastKnownFileType = sourcecode.swift; path = ChatListView.swift; sourceTree = "<group>"; };
		7530CA75267F8A1100941539 /* SecondMemory.app */ = {isa = PBXFileReference; explicitFileType = wrapper.application; includeInIndex = 0; path = SecondMemory.app; sourceTree = BUILT_PRODUCTS_DIR; };
		7530CA78267F8A1100941539 /* SecondMemoryApp.swift */ = {isa = PBXFileReference; lastKnownFileType = sourcecode.swift; path = SecondMemoryApp.swift; sourceTree = "<group>"; };
		7530CA7A267F8A1200941539 /* ContentView.swift */ = {isa = PBXFileReference; lastKnownFileType = sourcecode.swift; path = ContentView.swift; sourceTree = "<group>"; };
		7530CA7C267F8A1200941539 /* Assets.xcassets */ = {isa = PBXFileReference; lastKnownFileType = folder.assetcatalog; path = Assets.xcassets; sourceTree = "<group>"; };
		7530CA7F267F8A1200941539 /* Preview Assets.xcassets */ = {isa = PBXFileReference; lastKnownFileType = folder.assetcatalog; path = "Preview Assets.xcassets"; sourceTree = "<group>"; };
		7530CA81267F8A1200941539 /* Info.plist */ = {isa = PBXFileReference; lastKnownFileType = text.plist.xml; path = Info.plist; sourceTree = "<group>"; };
		7530CA86267F8A1300941539 /* SecondMemoryTests.xctest */ = {isa = PBXFileReference; explicitFileType = wrapper.cfbundle; includeInIndex = 0; path = SecondMemoryTests.xctest; sourceTree = BUILT_PRODUCTS_DIR; };
		7530CA8A267F8A1300941539 /* SecondMemoryTests.swift */ = {isa = PBXFileReference; lastKnownFileType = sourcecode.swift; path = SecondMemoryTests.swift; sourceTree = "<group>"; };
		7530CA8C267F8A1300941539 /* Info.plist */ = {isa = PBXFileReference; lastKnownFileType = text.plist.xml; path = Info.plist; sourceTree = "<group>"; };
		7530CA91267F8A1300941539 /* SecondMemoryUITests.xctest */ = {isa = PBXFileReference; explicitFileType = wrapper.cfbundle; includeInIndex = 0; path = SecondMemoryUITests.xctest; sourceTree = BUILT_PRODUCTS_DIR; };
		7530CA95267F8A1300941539 /* SecondMemoryUITests.swift */ = {isa = PBXFileReference; lastKnownFileType = sourcecode.swift; path = SecondMemoryUITests.swift; sourceTree = "<group>"; };
		7530CA97267F8A1300941539 /* Info.plist */ = {isa = PBXFileReference; lastKnownFileType = text.plist.xml; path = Info.plist; sourceTree = "<group>"; };
		7530CAA3267F8CC500941539 /* BotImageView.swift */ = {isa = PBXFileReference; lastKnownFileType = sourcecode.swift; path = BotImageView.swift; sourceTree = "<group>"; };
		754C728E268F5C8D009F0A5F /* ChatBotView.swift */ = {isa = PBXFileReference; lastKnownFileType = sourcecode.swift; path = ChatBotView.swift; sourceTree = "<group>"; };
		754C7290269154E6009F0A5F /* MultiTextField.swift */ = {isa = PBXFileReference; lastKnownFileType = sourcecode.swift; path = MultiTextField.swift; sourceTree = "<group>"; };
		75CF531426933C3A00B4FE2E /* DateFormatterExtension.swift */ = {isa = PBXFileReference; lastKnownFileType = sourcecode.swift; path = DateFormatterExtension.swift; sourceTree = "<group>"; };
		75CF531626933FEC00B4FE2E /* MessageStore.swift */ = {isa = PBXFileReference; lastKnownFileType = sourcecode.swift; path = MessageStore.swift; sourceTree = "<group>"; };
		75CF53182693469E00B4FE2E /* GoogleService-Info.plist */ = {isa = PBXFileReference; fileEncoding = 4; lastKnownFileType = text.plist.xml; name = "GoogleService-Info.plist"; path = "../../../../../Downloads/GoogleService-Info.plist"; sourceTree = "<group>"; };
		75F1542F2682140600F5530D /* ChatMessage.swift */ = {isa = PBXFileReference; lastKnownFileType = sourcecode.swift; path = ChatMessage.swift; sourceTree = "<group>"; };
		75FDE3B2269318D700BA1285 /* InputChatView.swift */ = {isa = PBXFileReference; lastKnownFileType = sourcecode.swift; path = InputChatView.swift; sourceTree = "<group>"; };
		7EF8ACF803485FC169BA4E78 /* Pods_SecondMemory.framework */ = {isa = PBXFileReference; explicitFileType = wrapper.framework; includeInIndex = 0; path = Pods_SecondMemory.framework; sourceTree = BUILT_PRODUCTS_DIR; };
		83D5DAE522C24570E492CB48 /* Pods-SecondMemory.debug.xcconfig */ = {isa = PBXFileReference; includeInIndex = 1; lastKnownFileType = text.xcconfig; name = "Pods-SecondMemory.debug.xcconfig"; path = "Target Support Files/Pods-SecondMemory/Pods-SecondMemory.debug.xcconfig"; sourceTree = "<group>"; };
		85A09D02DB032FCAC8DF2655 /* Pods-SecondMemoryTests.debug.xcconfig */ = {isa = PBXFileReference; includeInIndex = 1; lastKnownFileType = text.xcconfig; name = "Pods-SecondMemoryTests.debug.xcconfig"; path = "Target Support Files/Pods-SecondMemoryTests/Pods-SecondMemoryTests.debug.xcconfig"; sourceTree = "<group>"; };
		B393CBF3E71B8EFCE557FDC9 /* Pods-SecondMemory-SecondMemoryUITests.release.xcconfig */ = {isa = PBXFileReference; includeInIndex = 1; lastKnownFileType = text.xcconfig; name = "Pods-SecondMemory-SecondMemoryUITests.release.xcconfig"; path = "Target Support Files/Pods-SecondMemory-SecondMemoryUITests/Pods-SecondMemory-SecondMemoryUITests.release.xcconfig"; sourceTree = "<group>"; };
		B8D6BEAC5E1DDFEC775BB2E1 /* Pods-SecondMemory.release.xcconfig */ = {isa = PBXFileReference; includeInIndex = 1; lastKnownFileType = text.xcconfig; name = "Pods-SecondMemory.release.xcconfig"; path = "Target Support Files/Pods-SecondMemory/Pods-SecondMemory.release.xcconfig"; sourceTree = "<group>"; };
		BAA1B5FE1ADBA29383ECEE9A /* Pods_SecondMemoryTests.framework */ = {isa = PBXFileReference; explicitFileType = wrapper.framework; includeInIndex = 0; path = Pods_SecondMemoryTests.framework; sourceTree = BUILT_PRODUCTS_DIR; };
/* End PBXFileReference section */

/* Begin PBXFrameworksBuildPhase section */
		7530CA72267F8A1100941539 /* Frameworks */ = {
			isa = PBXFrameworksBuildPhase;
			buildActionMask = 2147483647;
			files = (
				DC7D3BA8A33A49D973E0CFE6 /* Pods_SecondMemory.framework in Frameworks */,
			);
			runOnlyForDeploymentPostprocessing = 0;
		};
		7530CA83267F8A1300941539 /* Frameworks */ = {
			isa = PBXFrameworksBuildPhase;
			buildActionMask = 2147483647;
			files = (
				CC0443FAE72927A22E33BB0E /* Pods_SecondMemoryTests.framework in Frameworks */,
			);
			runOnlyForDeploymentPostprocessing = 0;
		};
		7530CA8E267F8A1300941539 /* Frameworks */ = {
			isa = PBXFrameworksBuildPhase;
			buildActionMask = 2147483647;
			files = (
				9745C5B903C847EDCA341CB6 /* Pods_SecondMemory_SecondMemoryUITests.framework in Frameworks */,
			);
			runOnlyForDeploymentPostprocessing = 0;
		};
/* End PBXFrameworksBuildPhase section */

/* Begin PBXGroup section */
		752A84752680CC8B00E3BD2A /* Utilities */ = {
			isa = PBXGroup;
			children = (
				752A84762680CCA700E3BD2A /* UIColorHex.swift */,
				75CF531426933C3A00B4FE2E /* DateFormatterExtension.swift */,
			);
			path = Utilities;
			sourceTree = "<group>";
		};
		7530CA6C267F8A1100941539 = {
			isa = PBXGroup;
			children = (
				7530CA77267F8A1100941539 /* SecondMemory */,
				7530CA89267F8A1300941539 /* SecondMemoryTests */,
				7530CA94267F8A1300941539 /* SecondMemoryUITests */,
				7530CA76267F8A1100941539 /* Products */,
				8CC6B5864D4D59F7271A26DF /* Pods */,
				BDEFC731E7335B6C7E477CC1 /* Frameworks */,
			);
			sourceTree = "<group>";
		};
		7530CA76267F8A1100941539 /* Products */ = {
			isa = PBXGroup;
			children = (
				7530CA75267F8A1100941539 /* SecondMemory.app */,
				7530CA86267F8A1300941539 /* SecondMemoryTests.xctest */,
				7530CA91267F8A1300941539 /* SecondMemoryUITests.xctest */,
			);
			name = Products;
			sourceTree = "<group>";
		};
		7530CA77267F8A1100941539 /* SecondMemory */ = {
			isa = PBXGroup;
			children = (
				75F1542E268213F200F5530D /* Data */,
				752A84752680CC8B00E3BD2A /* Utilities */,
				7530CA78267F8A1100941539 /* SecondMemoryApp.swift */,
				7530CA7A267F8A1200941539 /* ContentView.swift */,
				7530CA7C267F8A1200941539 /* Assets.xcassets */,
				7530CA81267F8A1200941539 /* Info.plist */,
				7530CA7E267F8A1200941539 /* Preview Content */,
				7530CAA3267F8CC500941539 /* BotImageView.swift */,
				752A84782680D33700E3BD2A /* BotMessageView.swift */,
				752A847A268204FD00E3BD2A /* MyMessageView.swift */,
				752A847C2682066B00E3BD2A /* ChatListView.swift */,
				754C728E268F5C8D009F0A5F /* ChatBotView.swift */,
				754C7290269154E6009F0A5F /* MultiTextField.swift */,
				75FDE3B2269318D700BA1285 /* InputChatView.swift */,
				75CF53182693469E00B4FE2E /* GoogleService-Info.plist */,
			);
			path = SecondMemory;
			sourceTree = "<group>";
		};
		7530CA7E267F8A1200941539 /* Preview Content */ = {
			isa = PBXGroup;
			children = (
				7530CA7F267F8A1200941539 /* Preview Assets.xcassets */,
			);
			path = "Preview Content";
			sourceTree = "<group>";
		};
		7530CA89267F8A1300941539 /* SecondMemoryTests */ = {
			isa = PBXGroup;
			children = (
				7530CA8A267F8A1300941539 /* SecondMemoryTests.swift */,
				7530CA8C267F8A1300941539 /* Info.plist */,
			);
			path = SecondMemoryTests;
			sourceTree = "<group>";
		};
		7530CA94267F8A1300941539 /* SecondMemoryUITests */ = {
			isa = PBXGroup;
			children = (
				7530CA95267F8A1300941539 /* SecondMemoryUITests.swift */,
				7530CA97267F8A1300941539 /* Info.plist */,
			);
			path = SecondMemoryUITests;
			sourceTree = "<group>";
		};
		75F1542E268213F200F5530D /* Data */ = {
			isa = PBXGroup;
			children = (
				75F1542F2682140600F5530D /* ChatMessage.swift */,
				75CF531626933FEC00B4FE2E /* MessageStore.swift */,
			);
			path = Data;
			sourceTree = "<group>";
		};
		8CC6B5864D4D59F7271A26DF /* Pods */ = {
			isa = PBXGroup;
			children = (
				83D5DAE522C24570E492CB48 /* Pods-SecondMemory.debug.xcconfig */,
				B8D6BEAC5E1DDFEC775BB2E1 /* Pods-SecondMemory.release.xcconfig */,
				5EBB81A34146F4C4B349033F /* Pods-SecondMemory-SecondMemoryUITests.debug.xcconfig */,
				B393CBF3E71B8EFCE557FDC9 /* Pods-SecondMemory-SecondMemoryUITests.release.xcconfig */,
				85A09D02DB032FCAC8DF2655 /* Pods-SecondMemoryTests.debug.xcconfig */,
				0B7B7D11C3AD715282A17897 /* Pods-SecondMemoryTests.release.xcconfig */,
			);
			path = Pods;
			sourceTree = "<group>";
		};
		BDEFC731E7335B6C7E477CC1 /* Frameworks */ = {
			isa = PBXGroup;
			children = (
				7EF8ACF803485FC169BA4E78 /* Pods_SecondMemory.framework */,
				383A45CA19E96167E11E27A8 /* Pods_SecondMemory_SecondMemoryUITests.framework */,
				BAA1B5FE1ADBA29383ECEE9A /* Pods_SecondMemoryTests.framework */,
			);
			name = Frameworks;
			sourceTree = "<group>";
		};
/* End PBXGroup section */

/* Begin PBXNativeTarget section */
		7530CA74267F8A1100941539 /* SecondMemory */ = {
			isa = PBXNativeTarget;
			buildConfigurationList = 7530CA9A267F8A1300941539 /* Build configuration list for PBXNativeTarget "SecondMemory" */;
			buildPhases = (
				DC3B0DD1B80F035701E94CEC /* [CP] Check Pods Manifest.lock */,
				7530CA71267F8A1100941539 /* Sources */,
				7530CA72267F8A1100941539 /* Frameworks */,
				7530CA73267F8A1100941539 /* Resources */,
				A45957B5DD9CB3F2A97EC615 /* [CP] Embed Pods Frameworks */,
				D758B227E36155AC14CB83E8 /* [CP] Copy Pods Resources */,
			);
			buildRules = (
			);
			dependencies = (
			);
			name = SecondMemory;
			productName = SecondMemory;
			productReference = 7530CA75267F8A1100941539 /* SecondMemory.app */;
			productType = "com.apple.product-type.application";
		};
		7530CA85267F8A1300941539 /* SecondMemoryTests */ = {
			isa = PBXNativeTarget;
			buildConfigurationList = 7530CA9D267F8A1300941539 /* Build configuration list for PBXNativeTarget "SecondMemoryTests" */;
			buildPhases = (
				7021546E54E4F975A0D433E1 /* [CP] Check Pods Manifest.lock */,
				7530CA82267F8A1300941539 /* Sources */,
				7530CA83267F8A1300941539 /* Frameworks */,
				7530CA84267F8A1300941539 /* Resources */,
			);
			buildRules = (
			);
			dependencies = (
				7530CA88267F8A1300941539 /* PBXTargetDependency */,
			);
			name = SecondMemoryTests;
			productName = SecondMemoryTests;
			productReference = 7530CA86267F8A1300941539 /* SecondMemoryTests.xctest */;
			productType = "com.apple.product-type.bundle.unit-test";
		};
		7530CA90267F8A1300941539 /* SecondMemoryUITests */ = {
			isa = PBXNativeTarget;
			buildConfigurationList = 7530CAA0267F8A1300941539 /* Build configuration list for PBXNativeTarget "SecondMemoryUITests" */;
			buildPhases = (
				D66952EF46B27926C03A35A1 /* [CP] Check Pods Manifest.lock */,
				7530CA8D267F8A1300941539 /* Sources */,
				7530CA8E267F8A1300941539 /* Frameworks */,
				7530CA8F267F8A1300941539 /* Resources */,
				B114040DD28F23F15817C309 /* [CP] Embed Pods Frameworks */,
				E17D123DA06A0083A9A1C034 /* [CP] Copy Pods Resources */,
			);
			buildRules = (
			);
			dependencies = (
				7530CA93267F8A1300941539 /* PBXTargetDependency */,
			);
			name = SecondMemoryUITests;
			productName = SecondMemoryUITests;
			productReference = 7530CA91267F8A1300941539 /* SecondMemoryUITests.xctest */;
			productType = "com.apple.product-type.bundle.ui-testing";
		};
/* End PBXNativeTarget section */

/* Begin PBXProject section */
		7530CA6D267F8A1100941539 /* Project object */ = {
			isa = PBXProject;
			attributes = {
				LastSwiftUpdateCheck = 1250;
				LastUpgradeCheck = 1250;
				TargetAttributes = {
					7530CA74267F8A1100941539 = {
						CreatedOnToolsVersion = 12.5;
					};
					7530CA85267F8A1300941539 = {
						CreatedOnToolsVersion = 12.5;
						TestTargetID = 7530CA74267F8A1100941539;
					};
					7530CA90267F8A1300941539 = {
						CreatedOnToolsVersion = 12.5;
						TestTargetID = 7530CA74267F8A1100941539;
					};
				};
			};
			buildConfigurationList = 7530CA70267F8A1100941539 /* Build configuration list for PBXProject "SecondMemory" */;
			compatibilityVersion = "Xcode 9.3";
			developmentRegion = en;
			hasScannedForEncodings = 0;
			knownRegions = (
				en,
				Base,
			);
			mainGroup = 7530CA6C267F8A1100941539;
			productRefGroup = 7530CA76267F8A1100941539 /* Products */;
			projectDirPath = "";
			projectRoot = "";
			targets = (
				7530CA74267F8A1100941539 /* SecondMemory */,
				7530CA85267F8A1300941539 /* SecondMemoryTests */,
				7530CA90267F8A1300941539 /* SecondMemoryUITests */,
			);
		};
/* End PBXProject section */

/* Begin PBXResourcesBuildPhase section */
		7530CA73267F8A1100941539 /* Resources */ = {
			isa = PBXResourcesBuildPhase;
			buildActionMask = 2147483647;
			files = (
				7530CA80267F8A1200941539 /* Preview Assets.xcassets in Resources */,
				7530CA7D267F8A1200941539 /* Assets.xcassets in Resources */,
				75CF53192693469E00B4FE2E /* GoogleService-Info.plist in Resources */,
			);
			runOnlyForDeploymentPostprocessing = 0;
		};
		7530CA84267F8A1300941539 /* Resources */ = {
			isa = PBXResourcesBuildPhase;
			buildActionMask = 2147483647;
			files = (
				75CF531A2693469E00B4FE2E /* GoogleService-Info.plist in Resources */,
			);
			runOnlyForDeploymentPostprocessing = 0;
		};
		7530CA8F267F8A1300941539 /* Resources */ = {
			isa = PBXResourcesBuildPhase;
			buildActionMask = 2147483647;
			files = (
				75CF531B2693469F00B4FE2E /* GoogleService-Info.plist in Resources */,
			);
			runOnlyForDeploymentPostprocessing = 0;
		};
/* End PBXResourcesBuildPhase section */

/* Begin PBXShellScriptBuildPhase section */
		7021546E54E4F975A0D433E1 /* [CP] Check Pods Manifest.lock */ = {
			isa = PBXShellScriptBuildPhase;
			buildActionMask = 2147483647;
			files = (
			);
			inputFileListPaths = (
			);
			inputPaths = (
				"${PODS_PODFILE_DIR_PATH}/Podfile.lock",
				"${PODS_ROOT}/Manifest.lock",
			);
			name = "[CP] Check Pods Manifest.lock";
			outputFileListPaths = (
			);
			outputPaths = (
				"$(DERIVED_FILE_DIR)/Pods-SecondMemoryTests-checkManifestLockResult.txt",
			);
			runOnlyForDeploymentPostprocessing = 0;
			shellPath = /bin/sh;
			shellScript = "diff \"${PODS_PODFILE_DIR_PATH}/Podfile.lock\" \"${PODS_ROOT}/Manifest.lock\" > /dev/null\nif [ $? != 0 ] ; then\n    # print error to STDERR\n    echo \"error: The sandbox is not in sync with the Podfile.lock. Run 'pod install' or update your CocoaPods installation.\" >&2\n    exit 1\nfi\n# This output is used by Xcode 'outputs' to avoid re-running this script phase.\necho \"SUCCESS\" > \"${SCRIPT_OUTPUT_FILE_0}\"\n";
			showEnvVarsInLog = 0;
		};
		A45957B5DD9CB3F2A97EC615 /* [CP] Embed Pods Frameworks */ = {
			isa = PBXShellScriptBuildPhase;
			buildActionMask = 2147483647;
			files = (
			);
			inputFileListPaths = (
				"${PODS_ROOT}/Target Support Files/Pods-SecondMemory/Pods-SecondMemory-frameworks-${CONFIGURATION}-input-files.xcfilelist",
			);
			name = "[CP] Embed Pods Frameworks";
			outputFileListPaths = (
				"${PODS_ROOT}/Target Support Files/Pods-SecondMemory/Pods-SecondMemory-frameworks-${CONFIGURATION}-output-files.xcfilelist",
			);
			runOnlyForDeploymentPostprocessing = 0;
			shellPath = /bin/sh;
			shellScript = "\"${PODS_ROOT}/Target Support Files/Pods-SecondMemory/Pods-SecondMemory-frameworks.sh\"\n";
			showEnvVarsInLog = 0;
		};
		B114040DD28F23F15817C309 /* [CP] Embed Pods Frameworks */ = {
			isa = PBXShellScriptBuildPhase;
			buildActionMask = 2147483647;
			files = (
			);
			inputFileListPaths = (
				"${PODS_ROOT}/Target Support Files/Pods-SecondMemory-SecondMemoryUITests/Pods-SecondMemory-SecondMemoryUITests-frameworks-${CONFIGURATION}-input-files.xcfilelist",
			);
			name = "[CP] Embed Pods Frameworks";
			outputFileListPaths = (
				"${PODS_ROOT}/Target Support Files/Pods-SecondMemory-SecondMemoryUITests/Pods-SecondMemory-SecondMemoryUITests-frameworks-${CONFIGURATION}-output-files.xcfilelist",
			);
			runOnlyForDeploymentPostprocessing = 0;
			shellPath = /bin/sh;
			shellScript = "\"${PODS_ROOT}/Target Support Files/Pods-SecondMemory-SecondMemoryUITests/Pods-SecondMemory-SecondMemoryUITests-frameworks.sh\"\n";
			showEnvVarsInLog = 0;
		};
		D66952EF46B27926C03A35A1 /* [CP] Check Pods Manifest.lock */ = {
			isa = PBXShellScriptBuildPhase;
			buildActionMask = 2147483647;
			files = (
			);
			inputFileListPaths = (
			);
			inputPaths = (
				"${PODS_PODFILE_DIR_PATH}/Podfile.lock",
				"${PODS_ROOT}/Manifest.lock",
			);
			name = "[CP] Check Pods Manifest.lock";
			outputFileListPaths = (
			);
			outputPaths = (
				"$(DERIVED_FILE_DIR)/Pods-SecondMemory-SecondMemoryUITests-checkManifestLockResult.txt",
			);
			runOnlyForDeploymentPostprocessing = 0;
			shellPath = /bin/sh;
			shellScript = "diff \"${PODS_PODFILE_DIR_PATH}/Podfile.lock\" \"${PODS_ROOT}/Manifest.lock\" > /dev/null\nif [ $? != 0 ] ; then\n    # print error to STDERR\n    echo \"error: The sandbox is not in sync with the Podfile.lock. Run 'pod install' or update your CocoaPods installation.\" >&2\n    exit 1\nfi\n# This output is used by Xcode 'outputs' to avoid re-running this script phase.\necho \"SUCCESS\" > \"${SCRIPT_OUTPUT_FILE_0}\"\n";
			showEnvVarsInLog = 0;
		};
		D758B227E36155AC14CB83E8 /* [CP] Copy Pods Resources */ = {
			isa = PBXShellScriptBuildPhase;
			buildActionMask = 2147483647;
			files = (
			);
			inputFileListPaths = (
				"${PODS_ROOT}/Target Support Files/Pods-SecondMemory/Pods-SecondMemory-resources-${CONFIGURATION}-input-files.xcfilelist",
			);
			name = "[CP] Copy Pods Resources";
			outputFileListPaths = (
				"${PODS_ROOT}/Target Support Files/Pods-SecondMemory/Pods-SecondMemory-resources-${CONFIGURATION}-output-files.xcfilelist",
			);
			runOnlyForDeploymentPostprocessing = 0;
			shellPath = /bin/sh;
			shellScript = "\"${PODS_ROOT}/Target Support Files/Pods-SecondMemory/Pods-SecondMemory-resources.sh\"\n";
			showEnvVarsInLog = 0;
		};
		DC3B0DD1B80F035701E94CEC /* [CP] Check Pods Manifest.lock */ = {
			isa = PBXShellScriptBuildPhase;
			buildActionMask = 2147483647;
			files = (
			);
			inputFileListPaths = (
			);
			inputPaths = (
				"${PODS_PODFILE_DIR_PATH}/Podfile.lock",
				"${PODS_ROOT}/Manifest.lock",
			);
			name = "[CP] Check Pods Manifest.lock";
			outputFileListPaths = (
			);
			outputPaths = (
				"$(DERIVED_FILE_DIR)/Pods-SecondMemory-checkManifestLockResult.txt",
			);
			runOnlyForDeploymentPostprocessing = 0;
			shellPath = /bin/sh;
			shellScript = "diff \"${PODS_PODFILE_DIR_PATH}/Podfile.lock\" \"${PODS_ROOT}/Manifest.lock\" > /dev/null\nif [ $? != 0 ] ; then\n    # print error to STDERR\n    echo \"error: The sandbox is not in sync with the Podfile.lock. Run 'pod install' or update your CocoaPods installation.\" >&2\n    exit 1\nfi\n# This output is used by Xcode 'outputs' to avoid re-running this script phase.\necho \"SUCCESS\" > \"${SCRIPT_OUTPUT_FILE_0}\"\n";
			showEnvVarsInLog = 0;
		};
		E17D123DA06A0083A9A1C034 /* [CP] Copy Pods Resources */ = {
			isa = PBXShellScriptBuildPhase;
			buildActionMask = 2147483647;
			files = (
			);
			inputFileListPaths = (
				"${PODS_ROOT}/Target Support Files/Pods-SecondMemory-SecondMemoryUITests/Pods-SecondMemory-SecondMemoryUITests-resources-${CONFIGURATION}-input-files.xcfilelist",
			);
			name = "[CP] Copy Pods Resources";
			outputFileListPaths = (
				"${PODS_ROOT}/Target Support Files/Pods-SecondMemory-SecondMemoryUITests/Pods-SecondMemory-SecondMemoryUITests-resources-${CONFIGURATION}-output-files.xcfilelist",
			);
			runOnlyForDeploymentPostprocessing = 0;
			shellPath = /bin/sh;
			shellScript = "\"${PODS_ROOT}/Target Support Files/Pods-SecondMemory-SecondMemoryUITests/Pods-SecondMemory-SecondMemoryUITests-resources.sh\"\n";
			showEnvVarsInLog = 0;
		};
/* End PBXShellScriptBuildPhase section */

/* Begin PBXSourcesBuildPhase section */
		7530CA71267F8A1100941539 /* Sources */ = {
			isa = PBXSourcesBuildPhase;
			buildActionMask = 2147483647;
			files = (
				7530CAA4267F8CC500941539 /* BotImageView.swift in Sources */,
				752A84792680D33700E3BD2A /* BotMessageView.swift in Sources */,
				75CF531526933C3A00B4FE2E /* DateFormatterExtension.swift in Sources */,
				752A847B268204FD00E3BD2A /* MyMessageView.swift in Sources */,
				754C728F268F5C8D009F0A5F /* ChatBotView.swift in Sources */,
				752A847D2682066B00E3BD2A /* ChatListView.swift in Sources */,
				752A84772680CCA700E3BD2A /* UIColorHex.swift in Sources */,
				75F154302682140600F5530D /* ChatMessage.swift in Sources */,
				75CF531726933FEC00B4FE2E /* MessageStore.swift in Sources */,
				754C7291269154E7009F0A5F /* MultiTextField.swift in Sources */,
				7530CA7B267F8A1200941539 /* ContentView.swift in Sources */,
				7530CA79267F8A1200941539 /* SecondMemoryApp.swift in Sources */,
				75FDE3B3269318D700BA1285 /* InputChatView.swift in Sources */,
			);
			runOnlyForDeploymentPostprocessing = 0;
		};
		7530CA82267F8A1300941539 /* Sources */ = {
			isa = PBXSourcesBuildPhase;
			buildActionMask = 2147483647;
			files = (
				7530CA8B267F8A1300941539 /* SecondMemoryTests.swift in Sources */,
			);
			runOnlyForDeploymentPostprocessing = 0;
		};
		7530CA8D267F8A1300941539 /* Sources */ = {
			isa = PBXSourcesBuildPhase;
			buildActionMask = 2147483647;
			files = (
				7530CA96267F8A1300941539 /* SecondMemoryUITests.swift in Sources */,
			);
			runOnlyForDeploymentPostprocessing = 0;
		};
/* End PBXSourcesBuildPhase section */

/* Begin PBXTargetDependency section */
		7530CA88267F8A1300941539 /* PBXTargetDependency */ = {
			isa = PBXTargetDependency;
			target = 7530CA74267F8A1100941539 /* SecondMemory */;
			targetProxy = 7530CA87267F8A1300941539 /* PBXContainerItemProxy */;
		};
		7530CA93267F8A1300941539 /* PBXTargetDependency */ = {
			isa = PBXTargetDependency;
			target = 7530CA74267F8A1100941539 /* SecondMemory */;
			targetProxy = 7530CA92267F8A1300941539 /* PBXContainerItemProxy */;
		};
/* End PBXTargetDependency section */

/* Begin XCBuildConfiguration section */
		7530CA98267F8A1300941539 /* Debug */ = {
			isa = XCBuildConfiguration;
			buildSettings = {
				ALWAYS_SEARCH_USER_PATHS = NO;
				CLANG_ANALYZER_NONNULL = YES;
				CLANG_ANALYZER_NUMBER_OBJECT_CONVERSION = YES_AGGRESSIVE;
				CLANG_CXX_LANGUAGE_STANDARD = "gnu++14";
				CLANG_CXX_LIBRARY = "libc++";
				CLANG_ENABLE_MODULES = YES;
				CLANG_ENABLE_OBJC_ARC = YES;
				CLANG_ENABLE_OBJC_WEAK = YES;
				CLANG_WARN_BLOCK_CAPTURE_AUTORELEASING = YES;
				CLANG_WARN_BOOL_CONVERSION = YES;
				CLANG_WARN_COMMA = YES;
				CLANG_WARN_CONSTANT_CONVERSION = YES;
				CLANG_WARN_DEPRECATED_OBJC_IMPLEMENTATIONS = YES;
				CLANG_WARN_DIRECT_OBJC_ISA_USAGE = YES_ERROR;
				CLANG_WARN_DOCUMENTATION_COMMENTS = YES;
				CLANG_WARN_EMPTY_BODY = YES;
				CLANG_WARN_ENUM_CONVERSION = YES;
				CLANG_WARN_INFINITE_RECURSION = YES;
				CLANG_WARN_INT_CONVERSION = YES;
				CLANG_WARN_NON_LITERAL_NULL_CONVERSION = YES;
				CLANG_WARN_OBJC_IMPLICIT_RETAIN_SELF = YES;
				CLANG_WARN_OBJC_LITERAL_CONVERSION = YES;
				CLANG_WARN_OBJC_ROOT_CLASS = YES_ERROR;
				CLANG_WARN_QUOTED_INCLUDE_IN_FRAMEWORK_HEADER = YES;
				CLANG_WARN_RANGE_LOOP_ANALYSIS = YES;
				CLANG_WARN_STRICT_PROTOTYPES = YES;
				CLANG_WARN_SUSPICIOUS_MOVE = YES;
				CLANG_WARN_UNGUARDED_AVAILABILITY = YES_AGGRESSIVE;
				CLANG_WARN_UNREACHABLE_CODE = YES;
				CLANG_WARN__DUPLICATE_METHOD_MATCH = YES;
				COPY_PHASE_STRIP = NO;
				DEBUG_INFORMATION_FORMAT = dwarf;
				ENABLE_STRICT_OBJC_MSGSEND = YES;
				ENABLE_TESTABILITY = YES;
				GCC_C_LANGUAGE_STANDARD = gnu11;
				GCC_DYNAMIC_NO_PIC = NO;
				GCC_NO_COMMON_BLOCKS = YES;
				GCC_OPTIMIZATION_LEVEL = 0;
				GCC_PREPROCESSOR_DEFINITIONS = (
					"DEBUG=1",
					"$(inherited)",
				);
				GCC_WARN_64_TO_32_BIT_CONVERSION = YES;
				GCC_WARN_ABOUT_RETURN_TYPE = YES_ERROR;
				GCC_WARN_UNDECLARED_SELECTOR = YES;
				GCC_WARN_UNINITIALIZED_AUTOS = YES_AGGRESSIVE;
				GCC_WARN_UNUSED_FUNCTION = YES;
				GCC_WARN_UNUSED_VARIABLE = YES;
				IPHONEOS_DEPLOYMENT_TARGET = 14.5;
				MTL_ENABLE_DEBUG_INFO = INCLUDE_SOURCE;
				MTL_FAST_MATH = YES;
				ONLY_ACTIVE_ARCH = YES;
				SDKROOT = iphoneos;
				SWIFT_ACTIVE_COMPILATION_CONDITIONS = DEBUG;
				SWIFT_OPTIMIZATION_LEVEL = "-Onone";
			};
			name = Debug;
		};
		7530CA99267F8A1300941539 /* Release */ = {
			isa = XCBuildConfiguration;
			buildSettings = {
				ALWAYS_SEARCH_USER_PATHS = NO;
				CLANG_ANALYZER_NONNULL = YES;
				CLANG_ANALYZER_NUMBER_OBJECT_CONVERSION = YES_AGGRESSIVE;
				CLANG_CXX_LANGUAGE_STANDARD = "gnu++14";
				CLANG_CXX_LIBRARY = "libc++";
				CLANG_ENABLE_MODULES = YES;
				CLANG_ENABLE_OBJC_ARC = YES;
				CLANG_ENABLE_OBJC_WEAK = YES;
				CLANG_WARN_BLOCK_CAPTURE_AUTORELEASING = YES;
				CLANG_WARN_BOOL_CONVERSION = YES;
				CLANG_WARN_COMMA = YES;
				CLANG_WARN_CONSTANT_CONVERSION = YES;
				CLANG_WARN_DEPRECATED_OBJC_IMPLEMENTATIONS = YES;
				CLANG_WARN_DIRECT_OBJC_ISA_USAGE = YES_ERROR;
				CLANG_WARN_DOCUMENTATION_COMMENTS = YES;
				CLANG_WARN_EMPTY_BODY = YES;
				CLANG_WARN_ENUM_CONVERSION = YES;
				CLANG_WARN_INFINITE_RECURSION = YES;
				CLANG_WARN_INT_CONVERSION = YES;
				CLANG_WARN_NON_LITERAL_NULL_CONVERSION = YES;
				CLANG_WARN_OBJC_IMPLICIT_RETAIN_SELF = YES;
				CLANG_WARN_OBJC_LITERAL_CONVERSION = YES;
				CLANG_WARN_OBJC_ROOT_CLASS = YES_ERROR;
				CLANG_WARN_QUOTED_INCLUDE_IN_FRAMEWORK_HEADER = YES;
				CLANG_WARN_RANGE_LOOP_ANALYSIS = YES;
				CLANG_WARN_STRICT_PROTOTYPES = YES;
				CLANG_WARN_SUSPICIOUS_MOVE = YES;
				CLANG_WARN_UNGUARDED_AVAILABILITY = YES_AGGRESSIVE;
				CLANG_WARN_UNREACHABLE_CODE = YES;
				CLANG_WARN__DUPLICATE_METHOD_MATCH = YES;
				COPY_PHASE_STRIP = NO;
				DEBUG_INFORMATION_FORMAT = "dwarf-with-dsym";
				ENABLE_NS_ASSERTIONS = NO;
				ENABLE_STRICT_OBJC_MSGSEND = YES;
				GCC_C_LANGUAGE_STANDARD = gnu11;
				GCC_NO_COMMON_BLOCKS = YES;
				GCC_WARN_64_TO_32_BIT_CONVERSION = YES;
				GCC_WARN_ABOUT_RETURN_TYPE = YES_ERROR;
				GCC_WARN_UNDECLARED_SELECTOR = YES;
				GCC_WARN_UNINITIALIZED_AUTOS = YES_AGGRESSIVE;
				GCC_WARN_UNUSED_FUNCTION = YES;
				GCC_WARN_UNUSED_VARIABLE = YES;
				IPHONEOS_DEPLOYMENT_TARGET = 14.5;
				MTL_ENABLE_DEBUG_INFO = NO;
				MTL_FAST_MATH = YES;
				SDKROOT = iphoneos;
				SWIFT_COMPILATION_MODE = wholemodule;
				SWIFT_OPTIMIZATION_LEVEL = "-O";
				VALIDATE_PRODUCT = YES;
			};
			name = Release;
		};
		7530CA9B267F8A1300941539 /* Debug */ = {
			isa = XCBuildConfiguration;
			baseConfigurationReference = 83D5DAE522C24570E492CB48 /* Pods-SecondMemory.debug.xcconfig */;
			buildSettings = {
				ASSETCATALOG_COMPILER_APPICON_NAME = AppIcon;
				ASSETCATALOG_COMPILER_GLOBAL_ACCENT_COLOR_NAME = AccentColor;
				CODE_SIGN_STYLE = Automatic;
				DEVELOPMENT_ASSET_PATHS = "\"SecondMemory/Preview Content\"";
				DEVELOPMENT_TEAM = TB8F2PW523;
				ENABLE_PREVIEWS = YES;
				INFOPLIST_FILE = SecondMemory/Info.plist;
				IPHONEOS_DEPLOYMENT_TARGET = 14.0;
				LD_RUNPATH_SEARCH_PATHS = (
					"$(inherited)",
					"@executable_path/Frameworks",
				);
				PRODUCT_BUNDLE_IDENTIFIER = icu.yum14.SecondMemory;
				PRODUCT_NAME = "$(TARGET_NAME)";
				SWIFT_VERSION = 5.0;
				TARGETED_DEVICE_FAMILY = "1,2";
			};
			name = Debug;
		};
		7530CA9C267F8A1300941539 /* Release */ = {
			isa = XCBuildConfiguration;
			baseConfigurationReference = B8D6BEAC5E1DDFEC775BB2E1 /* Pods-SecondMemory.release.xcconfig */;
			buildSettings = {
				ASSETCATALOG_COMPILER_APPICON_NAME = AppIcon;
				ASSETCATALOG_COMPILER_GLOBAL_ACCENT_COLOR_NAME = AccentColor;
				CODE_SIGN_STYLE = Automatic;
				DEVELOPMENT_ASSET_PATHS = "\"SecondMemory/Preview Content\"";
				DEVELOPMENT_TEAM = TB8F2PW523;
				ENABLE_PREVIEWS = YES;
				INFOPLIST_FILE = SecondMemory/Info.plist;
				IPHONEOS_DEPLOYMENT_TARGET = 14.0;
				LD_RUNPATH_SEARCH_PATHS = (
					"$(inherited)",
					"@executable_path/Frameworks",
				);
				PRODUCT_BUNDLE_IDENTIFIER = icu.yum14.SecondMemory;
				PRODUCT_NAME = "$(TARGET_NAME)";
				SWIFT_VERSION = 5.0;
				TARGETED_DEVICE_FAMILY = "1,2";
			};
			name = Release;
		};
		7530CA9E267F8A1300941539 /* Debug */ = {
			isa = XCBuildConfiguration;
			baseConfigurationReference = 85A09D02DB032FCAC8DF2655 /* Pods-SecondMemoryTests.debug.xcconfig */;
			buildSettings = {
				ALWAYS_EMBED_SWIFT_STANDARD_LIBRARIES = YES;
				BUNDLE_LOADER = "$(TEST_HOST)";
				CODE_SIGN_STYLE = Automatic;
				DEVELOPMENT_TEAM = TB8F2PW523;
				INFOPLIST_FILE = SecondMemoryTests/Info.plist;
				IPHONEOS_DEPLOYMENT_TARGET = 14.0;
				LD_RUNPATH_SEARCH_PATHS = (
					"$(inherited)",
					"@executable_path/Frameworks",
					"@loader_path/Frameworks",
				);
				PRODUCT_BUNDLE_IDENTIFIER = com.inakase.SecondMemoryTests;
				PRODUCT_NAME = "$(TARGET_NAME)";
				SWIFT_VERSION = 5.0;
				TARGETED_DEVICE_FAMILY = "1,2";
				TEST_HOST = "$(BUILT_PRODUCTS_DIR)/SecondMemory.app/SecondMemory";
			};
			name = Debug;
		};
		7530CA9F267F8A1300941539 /* Release */ = {
			isa = XCBuildConfiguration;
			baseConfigurationReference = 0B7B7D11C3AD715282A17897 /* Pods-SecondMemoryTests.release.xcconfig */;
			buildSettings = {
				ALWAYS_EMBED_SWIFT_STANDARD_LIBRARIES = YES;
				BUNDLE_LOADER = "$(TEST_HOST)";
				CODE_SIGN_STYLE = Automatic;
				DEVELOPMENT_TEAM = TB8F2PW523;
				INFOPLIST_FILE = SecondMemoryTests/Info.plist;
				IPHONEOS_DEPLOYMENT_TARGET = 14.0;
				LD_RUNPATH_SEARCH_PATHS = (
					"$(inherited)",
					"@executable_path/Frameworks",
					"@loader_path/Frameworks",
				);
				PRODUCT_BUNDLE_IDENTIFIER = com.inakase.SecondMemoryTests;
				PRODUCT_NAME = "$(TARGET_NAME)";
				SWIFT_VERSION = 5.0;
				TARGETED_DEVICE_FAMILY = "1,2";
				TEST_HOST = "$(BUILT_PRODUCTS_DIR)/SecondMemory.app/SecondMemory";
			};
			name = Release;
		};
		7530CAA1267F8A1300941539 /* Debug */ = {
			isa = XCBuildConfiguration;
			baseConfigurationReference = 5EBB81A34146F4C4B349033F /* Pods-SecondMemory-SecondMemoryUITests.debug.xcconfig */;
			buildSettings = {
				ALWAYS_EMBED_SWIFT_STANDARD_LIBRARIES = YES;
				CODE_SIGN_STYLE = Automatic;
				DEVELOPMENT_TEAM = TB8F2PW523;
				INFOPLIST_FILE = SecondMemoryUITests/Info.plist;
				LD_RUNPATH_SEARCH_PATHS = (
					"$(inherited)",
					"@executable_path/Frameworks",
					"@loader_path/Frameworks",
				);
				PRODUCT_BUNDLE_IDENTIFIER = com.inakase.SecondMemoryUITests;
				PRODUCT_NAME = "$(TARGET_NAME)";
				SWIFT_VERSION = 5.0;
				TARGETED_DEVICE_FAMILY = "1,2";
				TEST_TARGET_NAME = SecondMemory;
			};
			name = Debug;
		};
		7530CAA2267F8A1300941539 /* Release */ = {
			isa = XCBuildConfiguration;
			baseConfigurationReference = B393CBF3E71B8EFCE557FDC9 /* Pods-SecondMemory-SecondMemoryUITests.release.xcconfig */;
			buildSettings = {
				ALWAYS_EMBED_SWIFT_STANDARD_LIBRARIES = YES;
				CODE_SIGN_STYLE = Automatic;
				DEVELOPMENT_TEAM = TB8F2PW523;
				INFOPLIST_FILE = SecondMemoryUITests/Info.plist;
				LD_RUNPATH_SEARCH_PATHS = (
					"$(inherited)",
					"@executable_path/Frameworks",
					"@loader_path/Frameworks",
				);
				PRODUCT_BUNDLE_IDENTIFIER = com.inakase.SecondMemoryUITests;
				PRODUCT_NAME = "$(TARGET_NAME)";
				SWIFT_VERSION = 5.0;
				TARGETED_DEVICE_FAMILY = "1,2";
				TEST_TARGET_NAME = SecondMemory;
			};
			name = Release;
		};
/* End XCBuildConfiguration section */

/* Begin XCConfigurationList section */
		7530CA70267F8A1100941539 /* Build configuration list for PBXProject "SecondMemory" */ = {
			isa = XCConfigurationList;
			buildConfigurations = (
				7530CA98267F8A1300941539 /* Debug */,
				7530CA99267F8A1300941539 /* Release */,
			);
			defaultConfigurationIsVisible = 0;
			defaultConfigurationName = Release;
		};
		7530CA9A267F8A1300941539 /* Build configuration list for PBXNativeTarget "SecondMemory" */ = {
			isa = XCConfigurationList;
			buildConfigurations = (
				7530CA9B267F8A1300941539 /* Debug */,
				7530CA9C267F8A1300941539 /* Release */,
			);
			defaultConfigurationIsVisible = 0;
			defaultConfigurationName = Release;
		};
		7530CA9D267F8A1300941539 /* Build configuration list for PBXNativeTarget "SecondMemoryTests" */ = {
			isa = XCConfigurationList;
			buildConfigurations = (
				7530CA9E267F8A1300941539 /* Debug */,
				7530CA9F267F8A1300941539 /* Release */,
			);
			defaultConfigurationIsVisible = 0;
			defaultConfigurationName = Release;
		};
		7530CAA0267F8A1300941539 /* Build configuration list for PBXNativeTarget "SecondMemoryUITests" */ = {
			isa = XCConfigurationList;
			buildConfigurations = (
				7530CAA1267F8A1300941539 /* Debug */,
				7530CAA2267F8A1300941539 /* Release */,
			);
			defaultConfigurationIsVisible = 0;
			defaultConfigurationName = Release;
		};
/* End XCConfigurationList section */
	};
	rootObject = 7530CA6D267F8A1100941539 /* Project object */;
}
